<Solution>
  <Folder Name="/docker/">
    <Project Path="src/Docker/docker-compose.dcproj" Id="34bb3069-d5d0-4046-acad-a2025ed7678f">
      <BuildType Project="Debug" />
      <Build />
    </Project>
  </Folder>
  <Folder Name="/Solution Items/">
    <File Path=".editorconfig" />
    <File Path="Directory.Build.props" />
    <File Path="Directory.Packages.props" />
  </Folder>
  <Folder Name="/src/">
    <Project Path="src/Application/Application.csproj" />
    <Project Path="src/Domain/Domain.csproj" />
    <Project Path="src/Infrastructure/Infrastructure.csproj" />
    <Project Path="src/SharedKernel/SharedKernel.csproj" />
    <Project Path="src/Web.Api/Web.Api.csproj" />
  </Folder>
  <Folder Name="/tests/">
    <Project Path="tests/ArchitectureTests/ArchitectureTests.csproj" />
  </Folder>
</Solution>
